<?xml version="1.0" encoding="utf-8"?>
<Project ToolsVersion="4.0" xmlns="http://schemas.microsoft.com/developer/msbuild/2003">
  <ItemGroup>
    <Filter Include="Crane">
      <UniqueIdentifier>{4E98FB0C-BAAC-23BE-832E-C71DEF0120EF}</UniqueIdentifier>
    </Filter>
    <Filter Include="Crane\Events">
      <UniqueIdentifier>{72208522-5E83-14C7-0709-4D7DF34AE049}</UniqueIdentifier>
    </Filter>
  </ItemGroup>
  <ItemGroup>
    <ClInclude Include="src\Crane.h" />
    <ClInclude Include="src\Crane\Application.h">
      <Filter>Crane</Filter>
    </ClInclude>
    <ClInclude Include="src\Crane\Core.h">
      <Filter>Crane</Filter>
    </ClInclude>
    <ClInclude Include="src\Crane\EntryPoint.h">
      <Filter>Crane</Filter>
    </ClInclude>
    <ClInclude Include="src\Crane\Events\ApplicationEvent.h">
      <Filter>Crane\Events</Filter>
    </ClInclude>
    <ClInclude Include="src\Crane\Events\Event.h">
      <Filter>Crane\Events</Filter>
    </ClInclude>
    <ClInclude Include="src\Crane\Events\KeyEvent.h">
      <Filter>Crane\Events</Filter>
    </ClInclude>
    <ClInclude Include="src\Crane\Events\MouseEvent.h">
      <Filter>Crane\Events</Filter>
    </ClInclude>
    <ClInclude Include="src\Crane\Log.h">
      <Filter>Crane</Filter>
    </ClInclude>
  </ItemGroup>
  <ItemGroup>
    <ClCompile Include="src\Crane\Application.cpp">
      <Filter>Crane</Filter>
    </ClCompile>
    <ClCompile Include="src\Crane\Log.cpp">
      <Filter>Crane</Filter>
    </ClCompile>
  </ItemGroup>
</Project>