<?xml version="1.0" encoding="utf-8"?>
<Project ToolsVersion="4.0" xmlns="http://schemas.microsoft.com/developer/msbuild/2003">
  <ItemGroup>
    <Filter Include="src">
      <UniqueIdentifier>{2DAB880B-99B4-887C-2230-9F7C8E38947C}</UniqueIdentifier>
    </Filter>
    <Filter Include="src\Crane">
      <UniqueIdentifier>{A5A6B8B2-1111-6D29-5A4F-1ECFC6F84A7E}</UniqueIdentifier>
    </Filter>
    <Filter Include="src\Crane\Core">
      <UniqueIdentifier>{1DBA6CE2-0988-60E8-F21B-D10EDE883C4D}</UniqueIdentifier>
    </Filter>
    <Filter Include="src\Crane\Debug">
      <UniqueIdentifier>{DB581030-47E4-7DF4-50F5-00E9BCFFD9F4}</UniqueIdentifier>
    </Filter>
    <Filter Include="src\Crane\Events">
      <UniqueIdentifier>{E9C6A535-D5BF-C487-FEF1-A90CEA49A493}</UniqueIdentifier>
    </Filter>
    <Filter Include="src\Crane\ImGui">
      <UniqueIdentifier>{8FC36E30-FB4E-DCF4-0460-5FE9706A38F5}</UniqueIdentifier>
    </Filter>
    <Filter Include="src\Crane\Renderer">
      <UniqueIdentifier>{EB332E2D-D717-EF82-4078-E9D52C7BD904}</UniqueIdentifier>
    </Filter>
    <Filter Include="src\Crane\Scene">
      <UniqueIdentifier>{82BB1E31-EE46-8CF5-F757-0FEA6362E8F5}</UniqueIdentifier>
    </Filter>
    <Filter Include="src\Platforms">
      <UniqueIdentifier>{B40E5C85-20CF-D7BB-E909-213955891C98}</UniqueIdentifier>
    </Filter>
    <Filter Include="src\Platforms\OpenGL">
      <UniqueIdentifier>{68A52600-5434-B0C9-FD52-C4C4E9C0C06F}</UniqueIdentifier>
    </Filter>
    <Filter Include="src\Platforms\Windows">
      <UniqueIdentifier>{EE2C175D-5A99-D257-238D-6AB58FB8F4BF}</UniqueIdentifier>
    </Filter>
    <Filter Include="vendor">
      <UniqueIdentifier>{B3738122-9F15-ACF8-88D0-BF4C74113349}</UniqueIdentifier>
    </Filter>
    <Filter Include="vendor\stb_image">
      <UniqueIdentifier>{0DA0BA59-F998-D9AB-22CB-BE300E23B9B7}</UniqueIdentifier>
    </Filter>
  </ItemGroup>
  <ItemGroup>
    <ClInclude Include="src\Crane.h">
      <Filter>src</Filter>
    </ClInclude>
    <ClInclude Include="src\Crane\Core\Application.h">
      <Filter>src\Crane\Core</Filter>
    </ClInclude>
    <ClInclude Include="src\Crane\Core\Core.h">
      <Filter>src\Crane\Core</Filter>
    </ClInclude>
    <ClInclude Include="src\Crane\Core\EntryPoint.h">
      <Filter>src\Crane\Core</Filter>
    </ClInclude>
    <ClInclude Include="src\Crane\Core\Input.h">
      <Filter>src\Crane\Core</Filter>
    </ClInclude>
    <ClInclude Include="src\Crane\Core\KeyCodes.h">
      <Filter>src\Crane\Core</Filter>
    </ClInclude>
    <ClInclude Include="src\Crane\Core\Layer.h">
      <Filter>src\Crane\Core</Filter>
    </ClInclude>
    <ClInclude Include="src\Crane\Core\LayerStack.h">
      <Filter>src\Crane\Core</Filter>
    </ClInclude>
    <ClInclude Include="src\Crane\Core\Log.h">
      <Filter>src\Crane\Core</Filter>
    </ClInclude>
    <ClInclude Include="src\Crane\Core\MouseCodes.h">
      <Filter>src\Crane\Core</Filter>
    </ClInclude>
    <ClInclude Include="src\Crane\Core\Timestep.h">
      <Filter>src\Crane\Core</Filter>
    </ClInclude>
    <ClInclude Include="src\Crane\Core\Window.h">
      <Filter>src\Crane\Core</Filter>
    </ClInclude>
    <ClInclude Include="src\Crane\Debug\Instrumentor.h">
      <Filter>src\Crane\Debug</Filter>
    </ClInclude>
    <ClInclude Include="src\Crane\Events\ApplicationEvent.h">
      <Filter>src\Crane\Events</Filter>
    </ClInclude>
    <ClInclude Include="src\Crane\Events\Event.h">
      <Filter>src\Crane\Events</Filter>
    </ClInclude>
    <ClInclude Include="src\Crane\Events\KeyEvent.h">
      <Filter>src\Crane\Events</Filter>
    </ClInclude>
    <ClInclude Include="src\Crane\Events\MouseEvent.h">
      <Filter>src\Crane\Events</Filter>
    </ClInclude>
    <ClInclude Include="src\Crane\ImGui\ImGuiLayer.h">
      <Filter>src\Crane\ImGui</Filter>
    </ClInclude>
    <ClInclude Include="src\Crane\Renderer\Buffer.h">
      <Filter>src\Crane\Renderer</Filter>
    </ClInclude>
    <ClInclude Include="src\Crane\Renderer\BufferLayout.h">
      <Filter>src\Crane\Renderer</Filter>
    </ClInclude>
    <ClInclude Include="src\Crane\Renderer\Camera.h">
      <Filter>src\Crane\Renderer</Filter>
    </ClInclude>
    <ClInclude Include="src\Crane\Renderer\Framebuffer.h">
      <Filter>src\Crane\Renderer</Filter>
    </ClInclude>
    <ClInclude Include="src\Crane\Renderer\GraphicsContext.h">
      <Filter>src\Crane\Renderer</Filter>
    </ClInclude>
    <ClInclude Include="src\Crane\Renderer\OrthographicCamera.h">
      <Filter>src\Crane\Renderer</Filter>
    </ClInclude>
    <ClInclude Include="src\Crane\Renderer\OrthographicCameraController.h">
      <Filter>src\Crane\Renderer</Filter>
    </ClInclude>
    <ClInclude Include="src\Crane\Renderer\RenderCommand.h">
      <Filter>src\Crane\Renderer</Filter>
    </ClInclude>
    <ClInclude Include="src\Crane\Renderer\Renderer.h">
      <Filter>src\Crane\Renderer</Filter>
    </ClInclude>
    <ClInclude Include="src\Crane\Renderer\Renderer2D.h">
      <Filter>src\Crane\Renderer</Filter>
    </ClInclude>
    <ClInclude Include="src\Crane\Renderer\RendererAPI.h">
      <Filter>src\Crane\Renderer</Filter>
    </ClInclude>
    <ClInclude Include="src\Crane\Renderer\Shader.h">
      <Filter>src\Crane\Renderer</Filter>
    </ClInclude>
    <ClInclude Include="src\Crane\Renderer\Texture.h">
      <Filter>src\Crane\Renderer</Filter>
    </ClInclude>
    <ClInclude Include="src\Crane\Renderer\TextureRegion2D.h">
      <Filter>src\Crane\Renderer</Filter>
    </ClInclude>
    <ClInclude Include="src\Crane\Renderer\VertexArray.h">
      <Filter>src\Crane\Renderer</Filter>
    </ClInclude>
    <ClInclude Include="src\Crane\Scene\Components.h">
      <Filter>src\Crane\Scene</Filter>
    </ClInclude>
    <ClInclude Include="src\Crane\Scene\Entity.h">
      <Filter>src\Crane\Scene</Filter>
    </ClInclude>
    <ClInclude Include="src\Crane\Scene\Scene.h">
      <Filter>src\Crane\Scene</Filter>
    </ClInclude>
    <ClInclude Include="src\Crane\Scene\SceneCamera.h">
      <Filter>src\Crane\Scene</Filter>
    </ClInclude>
    <ClInclude Include="src\Crane\Scene\SceneSerializer.h">
      <Filter>src\Crane\Scene</Filter>
    </ClInclude>
    <ClInclude Include="src\Crane\Scene\ScriptableEntity.h">
      <Filter>src\Crane\Scene</Filter>
    </ClInclude>
    <ClInclude Include="src\Platforms\OpenGL\OpenGLBuffer.h">
      <Filter>src\Platforms\OpenGL</Filter>
    </ClInclude>
    <ClInclude Include="src\Platforms\OpenGL\OpenGLContext.h">
      <Filter>src\Platforms\OpenGL</Filter>
    </ClInclude>
    <ClInclude Include="src\Platforms\OpenGL\OpenGLFramebuffer.h">
      <Filter>src\Platforms\OpenGL</Filter>
    </ClInclude>
    <ClInclude Include="src\Platforms\OpenGL\OpenGLRendererAPI.h">
      <Filter>src\Platforms\OpenGL</Filter>
    </ClInclude>
    <ClInclude Include="src\Platforms\OpenGL\OpenGLShader.h">
      <Filter>src\Platforms\OpenGL</Filter>
    </ClInclude>
    <ClInclude Include="src\Platforms\OpenGL\OpenGLTexture.h">
      <Filter>src\Platforms\OpenGL</Filter>
    </ClInclude>
    <ClInclude Include="src\Platforms\OpenGL\OpenGLVertexArray.h">
      <Filter>src\Platforms\OpenGL</Filter>
    </ClInclude>
    <ClInclude Include="src\Platforms\Windows\WindowsWindow.h">
      <Filter>src\Platforms\Windows</Filter>
    </ClInclude>
    <ClInclude Include="src\crpch.h">
      <Filter>src</Filter>
    </ClInclude>
    <ClInclude Include="src\Crane\Utils\PlatformUtils.h" />
  </ItemGroup>
  <ItemGroup>
    <ClCompile Include="src\Crane\Core\Application.cpp">
      <Filter>src\Crane\Core</Filter>
    </ClCompile>
    <ClCompile Include="src\Crane\Core\Layer.cpp">
      <Filter>src\Crane\Core</Filter>
    </ClCompile>
    <ClCompile Include="src\Crane\Core\LayerStack.cpp">
      <Filter>src\Crane\Core</Filter>
    </ClCompile>
    <ClCompile Include="src\Crane\Core\Log.cpp">
      <Filter>src\Crane\Core</Filter>
    </ClCompile>
    <ClCompile Include="src\Crane\ImGui\ImGuiBuild.cpp">
      <Filter>src\Crane\ImGui</Filter>
    </ClCompile>
    <ClCompile Include="src\Crane\ImGui\ImGuiLayer.cpp">
      <Filter>src\Crane\ImGui</Filter>
    </ClCompile>
    <ClCompile Include="src\Crane\Renderer\Buffer.cpp">
      <Filter>src\Crane\Renderer</Filter>
    </ClCompile>
    <ClCompile Include="src\Crane\Renderer\Framebuffer.cpp">
      <Filter>src\Crane\Renderer</Filter>
    </ClCompile>
    <ClCompile Include="src\Crane\Renderer\GraphicsContext.cpp">
      <Filter>src\Crane\Renderer</Filter>
    </ClCompile>
    <ClCompile Include="src\Crane\Renderer\OrthographicCamera.cpp">
      <Filter>src\Crane\Renderer</Filter>
    </ClCompile>
    <ClCompile Include="src\Crane\Renderer\OrthographicCameraController.cpp">
      <Filter>src\Crane\Renderer</Filter>
    </ClCompile>
    <ClCompile Include="src\Crane\Renderer\RenderCommand.cpp">
      <Filter>src\Crane\Renderer</Filter>
    </ClCompile>
    <ClCompile Include="src\Crane\Renderer\Renderer.cpp">
      <Filter>src\Crane\Renderer</Filter>
    </ClCompile>
    <ClCompile Include="src\Crane\Renderer\Renderer2D.cpp">
      <Filter>src\Crane\Renderer</Filter>
    </ClCompile>
    <ClCompile Include="src\Crane\Renderer\RendererAPI.cpp">
      <Filter>src\Crane\Renderer</Filter>
    </ClCompile>
    <ClCompile Include="src\Crane\Renderer\Shader.cpp">
      <Filter>src\Crane\Renderer</Filter>
    </ClCompile>
    <ClCompile Include="src\Crane\Renderer\Texture.cpp">
      <Filter>src\Crane\Renderer</Filter>
    </ClCompile>
    <ClCompile Include="src\Crane\Renderer\TextureRegion2D.cpp">
      <Filter>src\Crane\Renderer</Filter>
    </ClCompile>
    <ClCompile Include="src\Crane\Renderer\VertexArray.cpp">
      <Filter>src\Crane\Renderer</Filter>
    </ClCompile>
    <ClCompile Include="src\Crane\Scene\Entity.cpp">
      <Filter>src\Crane\Scene</Filter>
    </ClCompile>
    <ClCompile Include="src\Crane\Scene\Scene.cpp">
      <Filter>src\Crane\Scene</Filter>
    </ClCompile>
    <ClCompile Include="src\Crane\Scene\SceneCamera.cpp">
      <Filter>src\Crane\Scene</Filter>
    </ClCompile>
    <ClCompile Include="src\Crane\Scene\SceneSerializer.cpp">
      <Filter>src\Crane\Scene</Filter>
    </ClCompile>
    <ClCompile Include="src\Platforms\OpenGL\OpenGLBuffer.cpp">
      <Filter>src\Platforms\OpenGL</Filter>
    </ClCompile>
    <ClCompile Include="src\Platforms\OpenGL\OpenGLContext.cpp">
      <Filter>src\Platforms\OpenGL</Filter>
    </ClCompile>
    <ClCompile Include="src\Platforms\OpenGL\OpenGLFramebuffer.cpp">
      <Filter>src\Platforms\OpenGL</Filter>
    </ClCompile>
    <ClCompile Include="src\Platforms\OpenGL\OpenGLRendererAPI.cpp">
      <Filter>src\Platforms\OpenGL</Filter>
    </ClCompile>
    <ClCompile Include="src\Platforms\OpenGL\OpenGLShader.cpp">
      <Filter>src\Platforms\OpenGL</Filter>
    </ClCompile>
    <ClCompile Include="src\Platforms\OpenGL\OpenGLTexture.cpp">
      <Filter>src\Platforms\OpenGL</Filter>
    </ClCompile>
    <ClCompile Include="src\Platforms\OpenGL\OpenGLVertexArray.cpp">
      <Filter>src\Platforms\OpenGL</Filter>
    </ClCompile>
    <ClCompile Include="src\Platforms\Windows\WindowsInput.cpp">
      <Filter>src\Platforms\Windows</Filter>
    </ClCompile>
    <ClCompile Include="src\Platforms\Windows\WindowsWindow.cpp">
      <Filter>src\Platforms\Windows</Filter>
    </ClCompile>
    <ClCompile Include="src\crpch.cpp">
      <Filter>src</Filter>
    </ClCompile>
    <ClCompile Include="vendor\stb_image\stb_image.cpp">
      <Filter>vendor\stb_image</Filter>
    </ClCompile>
    <ClCompile Include="src\Platforms\Windows\WindowsUtils.cpp" />
  </ItemGroup>
</Project>